
Microsoft Visual Studio Solution File, Format Version 12.00
# Visual Studio Version 16
VisualStudioVersion = 16.0.30114.105
MinimumVisualStudioVersion = 10.0.40219.1
Project("{9A19103F-16F7-4668-BE54-9A1E7A4F7556}") = "StarPlan", "StarPlan\StarPlan.csproj", "{40FE383B-8CD0-446E-ADAC-4CB982CCFAB1}"
EndProject
Project("{9A19103F-16F7-4668-BE54-9A1E7A4F7556}") = "WebServer", "HTTPServer\WebServer.csproj", "{46B60870-6E8D-4A91-8E53-B585BEF8D14C}"
EndProject
Project("{9A19103F-16F7-4668-BE54-9A1E7A4F7556}") = "UnitTesting", "UnitTesting\UnitTesting.csproj", "{2D914936-F720-48B8-8F96-96C17469C6EA}"
EndProject
Global
	GlobalSection(SolutionConfigurationPlatforms) = preSolution
		Debug|Any CPU = Debug|Any CPU
		Release|Any CPU = Release|Any CPU
	EndGlobalSection
	GlobalSection(ProjectConfigurationPlatforms) = postSolution
		{40FE383B-8CD0-446E-ADAC-4CB982CCFAB1}.Debug|Any CPU.ActiveCfg = Debug|Any CPU
		{40FE383B-8CD0-446E-ADAC-4CB982CCFAB1}.Debug|Any CPU.Build.0 = Debug|Any CPU
		{40FE383B-8CD0-446E-ADAC-4CB982CCFAB1}.Release|Any CPU.ActiveCfg = Release|Any CPU
		{40FE383B-8CD0-446E-ADAC-4CB982CCFAB1}.Release|Any CPU.Build.0 = Release|Any CPU
		{46B60870-6E8D-4A91-8E53-B585BEF8D14C}.Debug|Any CPU.ActiveCfg = Debug|Any CPU
		{46B60870-6E8D-4A91-8E53-B585BEF8D14C}.Debug|Any CPU.Build.0 = Debug|Any CPU
		{46B60870-6E8D-4A91-8E53-B585BEF8D14C}.Release|Any CPU.ActiveCfg = Release|Any CPU
		{46B60870-6E8D-4A91-8E53-B585BEF8D14C}.Release|Any CPU.Build.0 = Release|Any CPU
		{2D914936-F720-48B8-8F96-96C17469C6EA}.Debug|Any CPU.ActiveCfg = Debug|Any CPU
		{2D914936-F720-48B8-8F96-96C17469C6EA}.Debug|Any CPU.Build.0 = Debug|Any CPU
		{2D914936-F720-48B8-8F96-96C17469C6EA}.Release|Any CPU.ActiveCfg = Release|Any CPU
		{2D914936-F720-48B8-8F96-96C17469C6EA}.Release|Any CPU.Build.0 = Release|Any CPU
	EndGlobalSection
	GlobalSection(SolutionProperties) = preSolution
		HideSolutionNode = FALSE
	EndGlobalSection
	GlobalSection(ExtensibilityGlobals) = postSolution
		SolutionGuid = {069C4360-6B54-47A1-988C-92F1D16B4624}
	EndGlobalSection
EndGlobal
